
Microsoft Visual Studio Solution File, Format Version 12.00
Project("{FAE04EC0-301F-11D3-BF4B-00C04F79EFBC}") = "task1", "task1\task1.csproj", "{CD9C33F3-2E34-4EC0-A5A3-72B8AC24DE61}"
EndProject
Project("{FAE04EC0-301F-11D3-BF4B-00C04F79EFBC}") = "task2", "task2\task2.csproj", "{9ECC61B1-C4B6-4489-9112-D9366A42E1AF}"
EndProject
Global
	GlobalSection(SolutionConfigurationPlatforms) = preSolution
		Debug|Any CPU = Debug|Any CPU
		Release|Any CPU = Release|Any CPU
	EndGlobalSection
	GlobalSection(ProjectConfigurationPlatforms) = postSolution
		{CD9C33F3-2E34-4EC0-A5A3-72B8AC24DE61}.Debug|Any CPU.ActiveCfg = Debug|Any CPU
		{CD9C33F3-2E34-4EC0-A5A3-72B8AC24DE61}.Debug|Any CPU.Build.0 = Debug|Any CPU
		{CD9C33F3-2E34-4EC0-A5A3-72B8AC24DE61}.Release|Any CPU.ActiveCfg = Release|Any CPU
		{CD9C33F3-2E34-4EC0-A5A3-72B8AC24DE61}.Release|Any CPU.Build.0 = Release|Any CPU
		{9ECC61B1-C4B6-4489-9112-D9366A42E1AF}.Debug|Any CPU.ActiveCfg = Debug|Any CPU
		{9ECC61B1-C4B6-4489-9112-D9366A42E1AF}.Debug|Any CPU.Build.0 = Debug|Any CPU
		{9ECC61B1-C4B6-4489-9112-D9366A42E1AF}.Release|Any CPU.ActiveCfg = Release|Any CPU
		{9ECC61B1-C4B6-4489-9112-D9366A42E1AF}.Release|Any CPU.Build.0 = Release|Any CPU
	EndGlobalSection
EndGlobal
