
Microsoft Visual Studio Solution File, Format Version 12.00
Project("{FAE04EC0-301F-11D3-BF4B-00C04F79EFBC}") = "task1", "task1\task1.csproj", "{5A030758-F7B2-45AD-B144-872C321F8A2D}"
EndProject
Project("{FAE04EC0-301F-11D3-BF4B-00C04F79EFBC}") = "task2", "task2\task2.csproj", "{F252DD70-6B17-4F81-A26D-8B766A6B00D3}"
EndProject
Project("{FAE04EC0-301F-11D3-BF4B-00C04F79EFBC}") = "task3", "task3\task3.csproj", "{033E7113-A631-4173-A326-F3C1A624200A}"
EndProject
Project("{FAE04EC0-301F-11D3-BF4B-00C04F79EFBC}") = "task4", "task4\task4.csproj", "{946A6F8C-D4E2-4180-97C5-56F580FF26B6}"
EndProject
Project("{FAE04EC0-301F-11D3-BF4B-00C04F79EFBC}") = "task5", "task5\task5.csproj", "{AE41AF5E-67C1-4606-A600-A23B38ADF8E3}"
EndProject
Global
	GlobalSection(SolutionConfigurationPlatforms) = preSolution
		Debug|Any CPU = Debug|Any CPU
		Release|Any CPU = Release|Any CPU
	EndGlobalSection
	GlobalSection(ProjectConfigurationPlatforms) = postSolution
		{5A030758-F7B2-45AD-B144-872C321F8A2D}.Debug|Any CPU.ActiveCfg = Debug|Any CPU
		{5A030758-F7B2-45AD-B144-872C321F8A2D}.Debug|Any CPU.Build.0 = Debug|Any CPU
		{5A030758-F7B2-45AD-B144-872C321F8A2D}.Release|Any CPU.ActiveCfg = Release|Any CPU
		{5A030758-F7B2-45AD-B144-872C321F8A2D}.Release|Any CPU.Build.0 = Release|Any CPU
		{F252DD70-6B17-4F81-A26D-8B766A6B00D3}.Debug|Any CPU.ActiveCfg = Debug|Any CPU
		{F252DD70-6B17-4F81-A26D-8B766A6B00D3}.Debug|Any CPU.Build.0 = Debug|Any CPU
		{F252DD70-6B17-4F81-A26D-8B766A6B00D3}.Release|Any CPU.ActiveCfg = Release|Any CPU
		{F252DD70-6B17-4F81-A26D-8B766A6B00D3}.Release|Any CPU.Build.0 = Release|Any CPU
		{033E7113-A631-4173-A326-F3C1A624200A}.Debug|Any CPU.ActiveCfg = Debug|Any CPU
		{033E7113-A631-4173-A326-F3C1A624200A}.Debug|Any CPU.Build.0 = Debug|Any CPU
		{033E7113-A631-4173-A326-F3C1A624200A}.Release|Any CPU.ActiveCfg = Release|Any CPU
		{033E7113-A631-4173-A326-F3C1A624200A}.Release|Any CPU.Build.0 = Release|Any CPU
		{946A6F8C-D4E2-4180-97C5-56F580FF26B6}.Debug|Any CPU.ActiveCfg = Debug|Any CPU
		{946A6F8C-D4E2-4180-97C5-56F580FF26B6}.Debug|Any CPU.Build.0 = Debug|Any CPU
		{946A6F8C-D4E2-4180-97C5-56F580FF26B6}.Release|Any CPU.ActiveCfg = Release|Any CPU
		{946A6F8C-D4E2-4180-97C5-56F580FF26B6}.Release|Any CPU.Build.0 = Release|Any CPU
		{AE41AF5E-67C1-4606-A600-A23B38ADF8E3}.Debug|Any CPU.ActiveCfg = Debug|Any CPU
		{AE41AF5E-67C1-4606-A600-A23B38ADF8E3}.Debug|Any CPU.Build.0 = Debug|Any CPU
		{AE41AF5E-67C1-4606-A600-A23B38ADF8E3}.Release|Any CPU.ActiveCfg = Release|Any CPU
		{AE41AF5E-67C1-4606-A600-A23B38ADF8E3}.Release|Any CPU.Build.0 = Release|Any CPU
	EndGlobalSection
EndGlobal
