
Microsoft Visual Studio Solution File, Format Version 12.00
Project("{FAE04EC0-301F-11D3-BF4B-00C04F79EFBC}") = "task1", "task1\task1.csproj", "{DDB314C8-A2B4-42AB-8396-A3FF94956B5E}"
EndProject
Project("{FAE04EC0-301F-11D3-BF4B-00C04F79EFBC}") = "task2", "task2\task2.csproj", "{F40BE3FF-7D46-4831-8CA0-DFE0FCCA0F2B}"
EndProject
Project("{FAE04EC0-301F-11D3-BF4B-00C04F79EFBC}") = "task3", "task3\task3.csproj", "{30370DA5-5D3C-4742-8E38-83B055F5F50B}"
EndProject
Project("{FAE04EC0-301F-11D3-BF4B-00C04F79EFBC}") = "task4", "task4\task4.csproj", "{6F297FDA-5726-4AF7-A2FC-66362A5E8CCA}"
EndProject
Project("{FAE04EC0-301F-11D3-BF4B-00C04F79EFBC}") = "task5", "task5\task5.csproj", "{F05AD4F4-F957-4472-8D8C-6AF9BD15F3CF}"
EndProject
Project("{FAE04EC0-301F-11D3-BF4B-00C04F79EFBC}") = "task6", "task6\task6.csproj", "{640CE910-AD78-437B-8AA3-E37CB39CFCA4}"
EndProject
Project("{FAE04EC0-301F-11D3-BF4B-00C04F79EFBC}") = "task7", "task7\task7.csproj", "{E39834C1-44EA-4152-A54D-B0C1CFCC1259}"
EndProject
Project("{FAE04EC0-301F-11D3-BF4B-00C04F79EFBC}") = "task8", "task8\task8.csproj", "{ED626D6B-3CB3-4656-A3F5-5B5A8A577E73}"
EndProject
Project("{FAE04EC0-301F-11D3-BF4B-00C04F79EFBC}") = "task9", "task9\task9.csproj", "{20A01987-802D-4ED7-8EA0-C63CF7E3C0E7}"
EndProject
Project("{FAE04EC0-301F-11D3-BF4B-00C04F79EFBC}") = "task10", "task10\task10.csproj", "{4CE5AD50-47F0-4113-9560-7ACDBD8DC262}"
EndProject
Global
	GlobalSection(SolutionConfigurationPlatforms) = preSolution
		Debug|Any CPU = Debug|Any CPU
		Release|Any CPU = Release|Any CPU
	EndGlobalSection
	GlobalSection(ProjectConfigurationPlatforms) = postSolution
		{DDB314C8-A2B4-42AB-8396-A3FF94956B5E}.Debug|Any CPU.ActiveCfg = Debug|Any CPU
		{DDB314C8-A2B4-42AB-8396-A3FF94956B5E}.Debug|Any CPU.Build.0 = Debug|Any CPU
		{DDB314C8-A2B4-42AB-8396-A3FF94956B5E}.Release|Any CPU.ActiveCfg = Release|Any CPU
		{DDB314C8-A2B4-42AB-8396-A3FF94956B5E}.Release|Any CPU.Build.0 = Release|Any CPU
		{F40BE3FF-7D46-4831-8CA0-DFE0FCCA0F2B}.Debug|Any CPU.ActiveCfg = Debug|Any CPU
		{F40BE3FF-7D46-4831-8CA0-DFE0FCCA0F2B}.Debug|Any CPU.Build.0 = Debug|Any CPU
		{F40BE3FF-7D46-4831-8CA0-DFE0FCCA0F2B}.Release|Any CPU.ActiveCfg = Release|Any CPU
		{F40BE3FF-7D46-4831-8CA0-DFE0FCCA0F2B}.Release|Any CPU.Build.0 = Release|Any CPU
		{30370DA5-5D3C-4742-8E38-83B055F5F50B}.Debug|Any CPU.ActiveCfg = Debug|Any CPU
		{30370DA5-5D3C-4742-8E38-83B055F5F50B}.Debug|Any CPU.Build.0 = Debug|Any CPU
		{30370DA5-5D3C-4742-8E38-83B055F5F50B}.Release|Any CPU.ActiveCfg = Release|Any CPU
		{30370DA5-5D3C-4742-8E38-83B055F5F50B}.Release|Any CPU.Build.0 = Release|Any CPU
		{6F297FDA-5726-4AF7-A2FC-66362A5E8CCA}.Debug|Any CPU.ActiveCfg = Debug|Any CPU
		{6F297FDA-5726-4AF7-A2FC-66362A5E8CCA}.Debug|Any CPU.Build.0 = Debug|Any CPU
		{6F297FDA-5726-4AF7-A2FC-66362A5E8CCA}.Release|Any CPU.ActiveCfg = Release|Any CPU
		{6F297FDA-5726-4AF7-A2FC-66362A5E8CCA}.Release|Any CPU.Build.0 = Release|Any CPU
		{F05AD4F4-F957-4472-8D8C-6AF9BD15F3CF}.Debug|Any CPU.ActiveCfg = Debug|Any CPU
		{F05AD4F4-F957-4472-8D8C-6AF9BD15F3CF}.Debug|Any CPU.Build.0 = Debug|Any CPU
		{F05AD4F4-F957-4472-8D8C-6AF9BD15F3CF}.Release|Any CPU.ActiveCfg = Release|Any CPU
		{F05AD4F4-F957-4472-8D8C-6AF9BD15F3CF}.Release|Any CPU.Build.0 = Release|Any CPU
		{640CE910-AD78-437B-8AA3-E37CB39CFCA4}.Debug|Any CPU.ActiveCfg = Debug|Any CPU
		{640CE910-AD78-437B-8AA3-E37CB39CFCA4}.Debug|Any CPU.Build.0 = Debug|Any CPU
		{640CE910-AD78-437B-8AA3-E37CB39CFCA4}.Release|Any CPU.ActiveCfg = Release|Any CPU
		{640CE910-AD78-437B-8AA3-E37CB39CFCA4}.Release|Any CPU.Build.0 = Release|Any CPU
		{E39834C1-44EA-4152-A54D-B0C1CFCC1259}.Debug|Any CPU.ActiveCfg = Debug|Any CPU
		{E39834C1-44EA-4152-A54D-B0C1CFCC1259}.Debug|Any CPU.Build.0 = Debug|Any CPU
		{E39834C1-44EA-4152-A54D-B0C1CFCC1259}.Release|Any CPU.ActiveCfg = Release|Any CPU
		{E39834C1-44EA-4152-A54D-B0C1CFCC1259}.Release|Any CPU.Build.0 = Release|Any CPU
		{ED626D6B-3CB3-4656-A3F5-5B5A8A577E73}.Debug|Any CPU.ActiveCfg = Debug|Any CPU
		{ED626D6B-3CB3-4656-A3F5-5B5A8A577E73}.Debug|Any CPU.Build.0 = Debug|Any CPU
		{ED626D6B-3CB3-4656-A3F5-5B5A8A577E73}.Release|Any CPU.ActiveCfg = Release|Any CPU
		{ED626D6B-3CB3-4656-A3F5-5B5A8A577E73}.Release|Any CPU.Build.0 = Release|Any CPU
		{20A01987-802D-4ED7-8EA0-C63CF7E3C0E7}.Debug|Any CPU.ActiveCfg = Debug|Any CPU
		{20A01987-802D-4ED7-8EA0-C63CF7E3C0E7}.Debug|Any CPU.Build.0 = Debug|Any CPU
		{20A01987-802D-4ED7-8EA0-C63CF7E3C0E7}.Release|Any CPU.ActiveCfg = Release|Any CPU
		{20A01987-802D-4ED7-8EA0-C63CF7E3C0E7}.Release|Any CPU.Build.0 = Release|Any CPU
		{4CE5AD50-47F0-4113-9560-7ACDBD8DC262}.Debug|Any CPU.ActiveCfg = Debug|Any CPU
		{4CE5AD50-47F0-4113-9560-7ACDBD8DC262}.Debug|Any CPU.Build.0 = Debug|Any CPU
		{4CE5AD50-47F0-4113-9560-7ACDBD8DC262}.Release|Any CPU.ActiveCfg = Release|Any CPU
		{4CE5AD50-47F0-4113-9560-7ACDBD8DC262}.Release|Any CPU.Build.0 = Release|Any CPU
	EndGlobalSection
EndGlobal
