
Microsoft Visual Studio Solution File, Format Version 12.00
Project("{FAE04EC0-301F-11D3-BF4B-00C04F79EFBC}") = "task1", "task1\task1.csproj", "{22C14D98-4190-48C6-A3C6-900AEEF92E04}"
EndProject
Project("{FAE04EC0-301F-11D3-BF4B-00C04F79EFBC}") = "task2", "task2\task2.csproj", "{1606398A-389A-43BA-9191-ED2211D5E25B}"
EndProject
Project("{FAE04EC0-301F-11D3-BF4B-00C04F79EFBC}") = "task3", "task3\task3.csproj", "{40A4D65B-99F4-4F46-9D28-B32DD8B57790}"
EndProject
Project("{FAE04EC0-301F-11D3-BF4B-00C04F79EFBC}") = "ATest", "ATest\ATest.csproj", "{14ADBD6A-7CB3-45D8-80AD-99D55FF4B4FF}"
EndProject
Global
	GlobalSection(SolutionConfigurationPlatforms) = preSolution
		Debug|Any CPU = Debug|Any CPU
		Release|Any CPU = Release|Any CPU
	EndGlobalSection
	GlobalSection(ProjectConfigurationPlatforms) = postSolution
		{22C14D98-4190-48C6-A3C6-900AEEF92E04}.Debug|Any CPU.ActiveCfg = Debug|Any CPU
		{22C14D98-4190-48C6-A3C6-900AEEF92E04}.Debug|Any CPU.Build.0 = Debug|Any CPU
		{22C14D98-4190-48C6-A3C6-900AEEF92E04}.Release|Any CPU.ActiveCfg = Release|Any CPU
		{22C14D98-4190-48C6-A3C6-900AEEF92E04}.Release|Any CPU.Build.0 = Release|Any CPU
		{1606398A-389A-43BA-9191-ED2211D5E25B}.Debug|Any CPU.ActiveCfg = Debug|Any CPU
		{1606398A-389A-43BA-9191-ED2211D5E25B}.Debug|Any CPU.Build.0 = Debug|Any CPU
		{1606398A-389A-43BA-9191-ED2211D5E25B}.Release|Any CPU.ActiveCfg = Release|Any CPU
		{1606398A-389A-43BA-9191-ED2211D5E25B}.Release|Any CPU.Build.0 = Release|Any CPU
		{40A4D65B-99F4-4F46-9D28-B32DD8B57790}.Debug|Any CPU.ActiveCfg = Debug|Any CPU
		{40A4D65B-99F4-4F46-9D28-B32DD8B57790}.Debug|Any CPU.Build.0 = Debug|Any CPU
		{40A4D65B-99F4-4F46-9D28-B32DD8B57790}.Release|Any CPU.ActiveCfg = Release|Any CPU
		{40A4D65B-99F4-4F46-9D28-B32DD8B57790}.Release|Any CPU.Build.0 = Release|Any CPU
		{14ADBD6A-7CB3-45D8-80AD-99D55FF4B4FF}.Debug|Any CPU.ActiveCfg = Debug|Any CPU
		{14ADBD6A-7CB3-45D8-80AD-99D55FF4B4FF}.Debug|Any CPU.Build.0 = Debug|Any CPU
		{14ADBD6A-7CB3-45D8-80AD-99D55FF4B4FF}.Release|Any CPU.ActiveCfg = Release|Any CPU
		{14ADBD6A-7CB3-45D8-80AD-99D55FF4B4FF}.Release|Any CPU.Build.0 = Release|Any CPU
	EndGlobalSection
EndGlobal
